
Microsoft Visual Studio Solution File, Format Version 12.00
# Visual Studio Version 16
VisualStudioVersion = 16.0.28809.33
MinimumVisualStudioVersion = 10.0.40219.1
Project("{FAE04EC0-301F-11D3-BF4B-00C04F79EFBC}") = "SimpleML.GeneticAlgorithm", "SimpleML.GeneticAlgorithm\SimpleML.GeneticAlgorithm.csproj", "{6F5453CD-D869-49AB-A1A1-4337BDF67D95}"
EndProject
Project("{FAE04EC0-301F-11D3-BF4B-00C04F79EFBC}") = "SimpleML.GeneticAlgorithm.TestHarness", "SimpleML.GeneticAlgorithm.TestHarness\SimpleML.GeneticAlgorithm.TestHarness.csproj", "{032C5EC3-D0CD-48FD-8710-655B13851B18}"
EndProject
Global
	GlobalSection(SolutionConfigurationPlatforms) = preSolution
		Debug|Any CPU = Debug|Any CPU
		Release|Any CPU = Release|Any CPU
	EndGlobalSection
	GlobalSection(ProjectConfigurationPlatforms) = postSolution
		{6F5453CD-D869-49AB-A1A1-4337BDF67D95}.Debug|Any CPU.ActiveCfg = Debug|Any CPU
		{6F5453CD-D869-49AB-A1A1-4337BDF67D95}.Debug|Any CPU.Build.0 = Debug|Any CPU
		{6F5453CD-D869-49AB-A1A1-4337BDF67D95}.Release|Any CPU.ActiveCfg = Release|Any CPU
		{6F5453CD-D869-49AB-A1A1-4337BDF67D95}.Release|Any CPU.Build.0 = Release|Any CPU
		{032C5EC3-D0CD-48FD-8710-655B13851B18}.Debug|Any CPU.ActiveCfg = Debug|Any CPU
		{032C5EC3-D0CD-48FD-8710-655B13851B18}.Debug|Any CPU.Build.0 = Debug|Any CPU
		{032C5EC3-D0CD-48FD-8710-655B13851B18}.Release|Any CPU.ActiveCfg = Release|Any CPU
		{032C5EC3-D0CD-48FD-8710-655B13851B18}.Release|Any CPU.Build.0 = Release|Any CPU
	EndGlobalSection
	GlobalSection(SolutionProperties) = preSolution
		HideSolutionNode = FALSE
	EndGlobalSection
	GlobalSection(ExtensibilityGlobals) = postSolution
		SolutionGuid = {5AE06AEE-4BC0-4A43-94FA-52E8E4E24B26}
	EndGlobalSection
EndGlobal
